
Microsoft Visual Studio Solution File, Format Version 12.00
# Visual Studio Version 17
VisualStudioVersion = 17.0.31903.59
MinimumVisualStudioVersion = 10.0.40219.1
Project("{2150E333-8FDC-42A3-9474-1A3956D46DE8}") = "src", "src", "{1A1B1C1D-1E1F-2020-2121-222223232424}"
EndProject
Project("{2150E333-8FDC-42A3-9474-1A3956D46DE8}") = "tests", "tests", "{2A2B2C2D-2E2F-3030-3131-323233333434}"
EndProject
Project("{FAE04EC0-301F-11D3-BF4B-00C04F79EFBC}") = "CompoundDocs.Common", "src\CompoundDocs.Common\CompoundDocs.Common.csproj", "{3A3B3C3D-3E3F-4040-4141-424243434444}"
EndProject
Project("{FAE04EC0-301F-11D3-BF4B-00C04F79EFBC}") = "CompoundDocs.McpServer", "src\CompoundDocs.McpServer\CompoundDocs.McpServer.csproj", "{5A5B5C5D-5E5F-6060-6161-626263636464}"
EndProject
Project("{FAE04EC0-301F-11D3-BF4B-00C04F79EFBC}") = "CompoundDocs.Graph", "src\CompoundDocs.Graph\CompoundDocs.Graph.csproj", "{BE18320E-4696-415B-AA25-284AA97CFF54}"
EndProject
Project("{FAE04EC0-301F-11D3-BF4B-00C04F79EFBC}") = "CompoundDocs.Vector", "src\CompoundDocs.Vector\CompoundDocs.Vector.csproj", "{66F12B7B-966D-4DEA-B640-F86446A7C903}"
EndProject
Project("{FAE04EC0-301F-11D3-BF4B-00C04F79EFBC}") = "CompoundDocs.Bedrock", "src\CompoundDocs.Bedrock\CompoundDocs.Bedrock.csproj", "{C7E2CC9C-FAF0-4152-9DEB-FCEB485BA6DC}"
EndProject
Project("{FAE04EC0-301F-11D3-BF4B-00C04F79EFBC}") = "CompoundDocs.GitSync", "src\CompoundDocs.GitSync\CompoundDocs.GitSync.csproj", "{9749FF23-83B4-4215-961A-C1648FCCA019}"
EndProject
Project("{FAE04EC0-301F-11D3-BF4B-00C04F79EFBC}") = "CompoundDocs.GraphRag", "src\CompoundDocs.GraphRag\CompoundDocs.GraphRag.csproj", "{D1141A02-0E34-4078-A923-C5CBF3FB96D0}"
EndProject
Project("{FAE04EC0-301F-11D3-BF4B-00C04F79EFBC}") = "CompoundDocs.Tests.Unit", "tests\CompoundDocs.Tests.Unit\CompoundDocs.Tests.Unit.csproj", "{451A156A-61E4-4AA2-BE76-98225FBADFBA}"
EndProject
Project("{FAE04EC0-301F-11D3-BF4B-00C04F79EFBC}") = "CompoundDocs.Tests.Integration", "tests\CompoundDocs.Tests.Integration\CompoundDocs.Tests.Integration.csproj", "{4229ABCE-27BE-41E5-B033-7FB89687125F}"
EndProject
Project("{FAE04EC0-301F-11D3-BF4B-00C04F79EFBC}") = "CompoundDocs.Tests.E2E", "tests\CompoundDocs.Tests.E2E\CompoundDocs.Tests.E2E.csproj", "{E962A6EF-EBF2-4A69-86F6-35F6F47A30A7}"
EndProject
Project("{FAE04EC0-301F-11D3-BF4B-00C04F79EFBC}") = "CompoundDocs.GitSync.Job", "src\CompoundDocs.GitSync.Job\CompoundDocs.GitSync.Job.csproj", "{DB253AA2-93DE-4BB1-A128-AE377A6C6C15}"
EndProject
Global
	GlobalSection(SolutionConfigurationPlatforms) = preSolution
		Debug|Any CPU = Debug|Any CPU
		Debug|x64 = Debug|x64
		Debug|x86 = Debug|x86
		Release|Any CPU = Release|Any CPU
		Release|x64 = Release|x64
		Release|x86 = Release|x86
	EndGlobalSection
	GlobalSection(ProjectConfigurationPlatforms) = postSolution
		{3A3B3C3D-3E3F-4040-4141-424243434444}.Debug|Any CPU.ActiveCfg = Debug|Any CPU
		{3A3B3C3D-3E3F-4040-4141-424243434444}.Debug|Any CPU.Build.0 = Debug|Any CPU
		{3A3B3C3D-3E3F-4040-4141-424243434444}.Debug|x64.ActiveCfg = Debug|Any CPU
		{3A3B3C3D-3E3F-4040-4141-424243434444}.Debug|x64.Build.0 = Debug|Any CPU
		{3A3B3C3D-3E3F-4040-4141-424243434444}.Debug|x86.ActiveCfg = Debug|Any CPU
		{3A3B3C3D-3E3F-4040-4141-424243434444}.Debug|x86.Build.0 = Debug|Any CPU
		{3A3B3C3D-3E3F-4040-4141-424243434444}.Release|Any CPU.ActiveCfg = Release|Any CPU
		{3A3B3C3D-3E3F-4040-4141-424243434444}.Release|Any CPU.Build.0 = Release|Any CPU
		{3A3B3C3D-3E3F-4040-4141-424243434444}.Release|x64.ActiveCfg = Release|Any CPU
		{3A3B3C3D-3E3F-4040-4141-424243434444}.Release|x64.Build.0 = Release|Any CPU
		{3A3B3C3D-3E3F-4040-4141-424243434444}.Release|x86.ActiveCfg = Release|Any CPU
		{3A3B3C3D-3E3F-4040-4141-424243434444}.Release|x86.Build.0 = Release|Any CPU
		{5A5B5C5D-5E5F-6060-6161-626263636464}.Debug|Any CPU.ActiveCfg = Debug|Any CPU
		{5A5B5C5D-5E5F-6060-6161-626263636464}.Debug|Any CPU.Build.0 = Debug|Any CPU
		{5A5B5C5D-5E5F-6060-6161-626263636464}.Debug|x64.ActiveCfg = Debug|Any CPU
		{5A5B5C5D-5E5F-6060-6161-626263636464}.Debug|x64.Build.0 = Debug|Any CPU
		{5A5B5C5D-5E5F-6060-6161-626263636464}.Debug|x86.ActiveCfg = Debug|Any CPU
		{5A5B5C5D-5E5F-6060-6161-626263636464}.Debug|x86.Build.0 = Debug|Any CPU
		{5A5B5C5D-5E5F-6060-6161-626263636464}.Release|Any CPU.ActiveCfg = Release|Any CPU
		{5A5B5C5D-5E5F-6060-6161-626263636464}.Release|Any CPU.Build.0 = Release|Any CPU
		{5A5B5C5D-5E5F-6060-6161-626263636464}.Release|x64.ActiveCfg = Release|Any CPU
		{5A5B5C5D-5E5F-6060-6161-626263636464}.Release|x64.Build.0 = Release|Any CPU
		{5A5B5C5D-5E5F-6060-6161-626263636464}.Release|x86.ActiveCfg = Release|Any CPU
		{5A5B5C5D-5E5F-6060-6161-626263636464}.Release|x86.Build.0 = Release|Any CPU
		{BE18320E-4696-415B-AA25-284AA97CFF54}.Debug|Any CPU.ActiveCfg = Debug|Any CPU
		{BE18320E-4696-415B-AA25-284AA97CFF54}.Debug|Any CPU.Build.0 = Debug|Any CPU
		{BE18320E-4696-415B-AA25-284AA97CFF54}.Debug|x64.ActiveCfg = Debug|Any CPU
		{BE18320E-4696-415B-AA25-284AA97CFF54}.Debug|x64.Build.0 = Debug|Any CPU
		{BE18320E-4696-415B-AA25-284AA97CFF54}.Debug|x86.ActiveCfg = Debug|Any CPU
		{BE18320E-4696-415B-AA25-284AA97CFF54}.Debug|x86.Build.0 = Debug|Any CPU
		{BE18320E-4696-415B-AA25-284AA97CFF54}.Release|Any CPU.ActiveCfg = Release|Any CPU
		{BE18320E-4696-415B-AA25-284AA97CFF54}.Release|Any CPU.Build.0 = Release|Any CPU
		{BE18320E-4696-415B-AA25-284AA97CFF54}.Release|x64.ActiveCfg = Release|Any CPU
		{BE18320E-4696-415B-AA25-284AA97CFF54}.Release|x64.Build.0 = Release|Any CPU
		{BE18320E-4696-415B-AA25-284AA97CFF54}.Release|x86.ActiveCfg = Release|Any CPU
		{BE18320E-4696-415B-AA25-284AA97CFF54}.Release|x86.Build.0 = Release|Any CPU
		{66F12B7B-966D-4DEA-B640-F86446A7C903}.Debug|Any CPU.ActiveCfg = Debug|Any CPU
		{66F12B7B-966D-4DEA-B640-F86446A7C903}.Debug|Any CPU.Build.0 = Debug|Any CPU
		{66F12B7B-966D-4DEA-B640-F86446A7C903}.Debug|x64.ActiveCfg = Debug|Any CPU
		{66F12B7B-966D-4DEA-B640-F86446A7C903}.Debug|x64.Build.0 = Debug|Any CPU
		{66F12B7B-966D-4DEA-B640-F86446A7C903}.Debug|x86.ActiveCfg = Debug|Any CPU
		{66F12B7B-966D-4DEA-B640-F86446A7C903}.Debug|x86.Build.0 = Debug|Any CPU
		{66F12B7B-966D-4DEA-B640-F86446A7C903}.Release|Any CPU.ActiveCfg = Release|Any CPU
		{66F12B7B-966D-4DEA-B640-F86446A7C903}.Release|Any CPU.Build.0 = Release|Any CPU
		{66F12B7B-966D-4DEA-B640-F86446A7C903}.Release|x64.ActiveCfg = Release|Any CPU
		{66F12B7B-966D-4DEA-B640-F86446A7C903}.Release|x64.Build.0 = Release|Any CPU
		{66F12B7B-966D-4DEA-B640-F86446A7C903}.Release|x86.ActiveCfg = Release|Any CPU
		{66F12B7B-966D-4DEA-B640-F86446A7C903}.Release|x86.Build.0 = Release|Any CPU
		{C7E2CC9C-FAF0-4152-9DEB-FCEB485BA6DC}.Debug|Any CPU.ActiveCfg = Debug|Any CPU
		{C7E2CC9C-FAF0-4152-9DEB-FCEB485BA6DC}.Debug|Any CPU.Build.0 = Debug|Any CPU
		{C7E2CC9C-FAF0-4152-9DEB-FCEB485BA6DC}.Debug|x64.ActiveCfg = Debug|Any CPU
		{C7E2CC9C-FAF0-4152-9DEB-FCEB485BA6DC}.Debug|x64.Build.0 = Debug|Any CPU
		{C7E2CC9C-FAF0-4152-9DEB-FCEB485BA6DC}.Debug|x86.ActiveCfg = Debug|Any CPU
		{C7E2CC9C-FAF0-4152-9DEB-FCEB485BA6DC}.Debug|x86.Build.0 = Debug|Any CPU
		{C7E2CC9C-FAF0-4152-9DEB-FCEB485BA6DC}.Release|Any CPU.ActiveCfg = Release|Any CPU
		{C7E2CC9C-FAF0-4152-9DEB-FCEB485BA6DC}.Release|Any CPU.Build.0 = Release|Any CPU
		{C7E2CC9C-FAF0-4152-9DEB-FCEB485BA6DC}.Release|x64.ActiveCfg = Release|Any CPU
		{C7E2CC9C-FAF0-4152-9DEB-FCEB485BA6DC}.Release|x64.Build.0 = Release|Any CPU
		{C7E2CC9C-FAF0-4152-9DEB-FCEB485BA6DC}.Release|x86.ActiveCfg = Release|Any CPU
		{C7E2CC9C-FAF0-4152-9DEB-FCEB485BA6DC}.Release|x86.Build.0 = Release|Any CPU
		{9749FF23-83B4-4215-961A-C1648FCCA019}.Debug|Any CPU.ActiveCfg = Debug|Any CPU
		{9749FF23-83B4-4215-961A-C1648FCCA019}.Debug|Any CPU.Build.0 = Debug|Any CPU
		{9749FF23-83B4-4215-961A-C1648FCCA019}.Debug|x64.ActiveCfg = Debug|Any CPU
		{9749FF23-83B4-4215-961A-C1648FCCA019}.Debug|x64.Build.0 = Debug|Any CPU
		{9749FF23-83B4-4215-961A-C1648FCCA019}.Debug|x86.ActiveCfg = Debug|Any CPU
		{9749FF23-83B4-4215-961A-C1648FCCA019}.Debug|x86.Build.0 = Debug|Any CPU
		{9749FF23-83B4-4215-961A-C1648FCCA019}.Release|Any CPU.ActiveCfg = Release|Any CPU
		{9749FF23-83B4-4215-961A-C1648FCCA019}.Release|Any CPU.Build.0 = Release|Any CPU
		{9749FF23-83B4-4215-961A-C1648FCCA019}.Release|x64.ActiveCfg = Release|Any CPU
		{9749FF23-83B4-4215-961A-C1648FCCA019}.Release|x64.Build.0 = Release|Any CPU
		{9749FF23-83B4-4215-961A-C1648FCCA019}.Release|x86.ActiveCfg = Release|Any CPU
		{9749FF23-83B4-4215-961A-C1648FCCA019}.Release|x86.Build.0 = Release|Any CPU
		{D1141A02-0E34-4078-A923-C5CBF3FB96D0}.Debug|Any CPU.ActiveCfg = Debug|Any CPU
		{D1141A02-0E34-4078-A923-C5CBF3FB96D0}.Debug|Any CPU.Build.0 = Debug|Any CPU
		{D1141A02-0E34-4078-A923-C5CBF3FB96D0}.Debug|x64.ActiveCfg = Debug|Any CPU
		{D1141A02-0E34-4078-A923-C5CBF3FB96D0}.Debug|x64.Build.0 = Debug|Any CPU
		{D1141A02-0E34-4078-A923-C5CBF3FB96D0}.Debug|x86.ActiveCfg = Debug|Any CPU
		{D1141A02-0E34-4078-A923-C5CBF3FB96D0}.Debug|x86.Build.0 = Debug|Any CPU
		{D1141A02-0E34-4078-A923-C5CBF3FB96D0}.Release|Any CPU.ActiveCfg = Release|Any CPU
		{D1141A02-0E34-4078-A923-C5CBF3FB96D0}.Release|Any CPU.Build.0 = Release|Any CPU
		{D1141A02-0E34-4078-A923-C5CBF3FB96D0}.Release|x64.ActiveCfg = Release|Any CPU
		{D1141A02-0E34-4078-A923-C5CBF3FB96D0}.Release|x64.Build.0 = Release|Any CPU
		{D1141A02-0E34-4078-A923-C5CBF3FB96D0}.Release|x86.ActiveCfg = Release|Any CPU
		{D1141A02-0E34-4078-A923-C5CBF3FB96D0}.Release|x86.Build.0 = Release|Any CPU
		{451A156A-61E4-4AA2-BE76-98225FBADFBA}.Debug|Any CPU.ActiveCfg = Debug|Any CPU
		{451A156A-61E4-4AA2-BE76-98225FBADFBA}.Debug|Any CPU.Build.0 = Debug|Any CPU
		{451A156A-61E4-4AA2-BE76-98225FBADFBA}.Debug|x64.ActiveCfg = Debug|Any CPU
		{451A156A-61E4-4AA2-BE76-98225FBADFBA}.Debug|x64.Build.0 = Debug|Any CPU
		{451A156A-61E4-4AA2-BE76-98225FBADFBA}.Debug|x86.ActiveCfg = Debug|Any CPU
		{451A156A-61E4-4AA2-BE76-98225FBADFBA}.Debug|x86.Build.0 = Debug|Any CPU
		{451A156A-61E4-4AA2-BE76-98225FBADFBA}.Release|Any CPU.ActiveCfg = Release|Any CPU
		{451A156A-61E4-4AA2-BE76-98225FBADFBA}.Release|Any CPU.Build.0 = Release|Any CPU
		{451A156A-61E4-4AA2-BE76-98225FBADFBA}.Release|x64.ActiveCfg = Release|Any CPU
		{451A156A-61E4-4AA2-BE76-98225FBADFBA}.Release|x64.Build.0 = Release|Any CPU
		{451A156A-61E4-4AA2-BE76-98225FBADFBA}.Release|x86.ActiveCfg = Release|Any CPU
		{451A156A-61E4-4AA2-BE76-98225FBADFBA}.Release|x86.Build.0 = Release|Any CPU
		{4229ABCE-27BE-41E5-B033-7FB89687125F}.Debug|Any CPU.ActiveCfg = Debug|Any CPU
		{4229ABCE-27BE-41E5-B033-7FB89687125F}.Debug|Any CPU.Build.0 = Debug|Any CPU
		{4229ABCE-27BE-41E5-B033-7FB89687125F}.Debug|x64.ActiveCfg = Debug|Any CPU
		{4229ABCE-27BE-41E5-B033-7FB89687125F}.Debug|x64.Build.0 = Debug|Any CPU
		{4229ABCE-27BE-41E5-B033-7FB89687125F}.Debug|x86.ActiveCfg = Debug|Any CPU
		{4229ABCE-27BE-41E5-B033-7FB89687125F}.Debug|x86.Build.0 = Debug|Any CPU
		{4229ABCE-27BE-41E5-B033-7FB89687125F}.Release|Any CPU.ActiveCfg = Release|Any CPU
		{4229ABCE-27BE-41E5-B033-7FB89687125F}.Release|Any CPU.Build.0 = Release|Any CPU
		{4229ABCE-27BE-41E5-B033-7FB89687125F}.Release|x64.ActiveCfg = Release|Any CPU
		{4229ABCE-27BE-41E5-B033-7FB89687125F}.Release|x64.Build.0 = Release|Any CPU
		{4229ABCE-27BE-41E5-B033-7FB89687125F}.Release|x86.ActiveCfg = Release|Any CPU
		{4229ABCE-27BE-41E5-B033-7FB89687125F}.Release|x86.Build.0 = Release|Any CPU
		{E962A6EF-EBF2-4A69-86F6-35F6F47A30A7}.Debug|Any CPU.ActiveCfg = Debug|Any CPU
		{E962A6EF-EBF2-4A69-86F6-35F6F47A30A7}.Debug|Any CPU.Build.0 = Debug|Any CPU
		{E962A6EF-EBF2-4A69-86F6-35F6F47A30A7}.Debug|x64.ActiveCfg = Debug|Any CPU
		{E962A6EF-EBF2-4A69-86F6-35F6F47A30A7}.Debug|x64.Build.0 = Debug|Any CPU
		{E962A6EF-EBF2-4A69-86F6-35F6F47A30A7}.Debug|x86.ActiveCfg = Debug|Any CPU
		{E962A6EF-EBF2-4A69-86F6-35F6F47A30A7}.Debug|x86.Build.0 = Debug|Any CPU
		{E962A6EF-EBF2-4A69-86F6-35F6F47A30A7}.Release|Any CPU.ActiveCfg = Release|Any CPU
		{E962A6EF-EBF2-4A69-86F6-35F6F47A30A7}.Release|Any CPU.Build.0 = Release|Any CPU
		{E962A6EF-EBF2-4A69-86F6-35F6F47A30A7}.Release|x64.ActiveCfg = Release|Any CPU
		{E962A6EF-EBF2-4A69-86F6-35F6F47A30A7}.Release|x64.Build.0 = Release|Any CPU
		{E962A6EF-EBF2-4A69-86F6-35F6F47A30A7}.Release|x86.ActiveCfg = Release|Any CPU
		{E962A6EF-EBF2-4A69-86F6-35F6F47A30A7}.Release|x86.Build.0 = Release|Any CPU
		{DB253AA2-93DE-4BB1-A128-AE377A6C6C15}.Debug|Any CPU.ActiveCfg = Debug|Any CPU
		{DB253AA2-93DE-4BB1-A128-AE377A6C6C15}.Debug|Any CPU.Build.0 = Debug|Any CPU
		{DB253AA2-93DE-4BB1-A128-AE377A6C6C15}.Debug|x64.ActiveCfg = Debug|Any CPU
		{DB253AA2-93DE-4BB1-A128-AE377A6C6C15}.Debug|x64.Build.0 = Debug|Any CPU
		{DB253AA2-93DE-4BB1-A128-AE377A6C6C15}.Debug|x86.ActiveCfg = Debug|Any CPU
		{DB253AA2-93DE-4BB1-A128-AE377A6C6C15}.Debug|x86.Build.0 = Debug|Any CPU
		{DB253AA2-93DE-4BB1-A128-AE377A6C6C15}.Release|Any CPU.ActiveCfg = Release|Any CPU
		{DB253AA2-93DE-4BB1-A128-AE377A6C6C15}.Release|Any CPU.Build.0 = Release|Any CPU
		{DB253AA2-93DE-4BB1-A128-AE377A6C6C15}.Release|x64.ActiveCfg = Release|Any CPU
		{DB253AA2-93DE-4BB1-A128-AE377A6C6C15}.Release|x64.Build.0 = Release|Any CPU
		{DB253AA2-93DE-4BB1-A128-AE377A6C6C15}.Release|x86.ActiveCfg = Release|Any CPU
		{DB253AA2-93DE-4BB1-A128-AE377A6C6C15}.Release|x86.Build.0 = Release|Any CPU
	EndGlobalSection
	GlobalSection(SolutionProperties) = preSolution
		HideSolutionNode = FALSE
	EndGlobalSection
	GlobalSection(NestedProjects) = preSolution
		{3A3B3C3D-3E3F-4040-4141-424243434444} = {1A1B1C1D-1E1F-2020-2121-222223232424}
		{5A5B5C5D-5E5F-6060-6161-626263636464} = {1A1B1C1D-1E1F-2020-2121-222223232424}
		{BE18320E-4696-415B-AA25-284AA97CFF54} = {1A1B1C1D-1E1F-2020-2121-222223232424}
		{66F12B7B-966D-4DEA-B640-F86446A7C903} = {1A1B1C1D-1E1F-2020-2121-222223232424}
		{C7E2CC9C-FAF0-4152-9DEB-FCEB485BA6DC} = {1A1B1C1D-1E1F-2020-2121-222223232424}
		{9749FF23-83B4-4215-961A-C1648FCCA019} = {1A1B1C1D-1E1F-2020-2121-222223232424}
		{D1141A02-0E34-4078-A923-C5CBF3FB96D0} = {1A1B1C1D-1E1F-2020-2121-222223232424}
		{451A156A-61E4-4AA2-BE76-98225FBADFBA} = {2A2B2C2D-2E2F-3030-3131-323233333434}
		{4229ABCE-27BE-41E5-B033-7FB89687125F} = {2A2B2C2D-2E2F-3030-3131-323233333434}
		{E962A6EF-EBF2-4A69-86F6-35F6F47A30A7} = {2A2B2C2D-2E2F-3030-3131-323233333434}
		{DB253AA2-93DE-4BB1-A128-AE377A6C6C15} = {1A1B1C1D-1E1F-2020-2121-222223232424}
	EndGlobalSection
EndGlobal
